// !$*UTF8*$!
{
	archiveVersion = 1;
	classes = {
	};
	objectVersion = 56;
	objects = {

/* Begin PBXBuildFile section */
		720862A13065CC3D001E9D47 /* DanganronpaIntro.mp3 in Resources */ = {isa = PBXBuildFile; fileRef = 720862A03065CC3D001E9D47 /* DanganronpaIntro.mp3 */; };
		720862A430661E26001E9D47 /* Synths.sf2 in Resources */ = {isa = PBXBuildFile; fileRef = 720862A330661E26001E9D47 /* Synths.sf2 */; };
		720862A63066268E001E9D47 /* BrightPiano.sf2 in Resources */ = {isa = PBXBuildFile; fileRef = 720862A53066268E001E9D47 /* BrightPiano.sf2 */; };
		720862A8306632E7001E9D47 /* TODO.md in Resources */ = {isa = PBXBuildFile; fileRef = 720862A7306632E7001E9D47 /* TODO.md */; };
		729543D430600A4200B33115 /* Audifuzz.xcdatamodeld in Sources */ = {isa = PBXBuildFile; fileRef = 729543D230600A4200B33115 /* Audifuzz.xcdatamodeld */; };
		729543D830600A4400B33115 /* Assets.xcassets in Resources */ = {isa = PBXBuildFile; fileRef = 729543D730600A4400B33115 /* Assets.xcassets */; };
		729543DC30600A4400B33115 /* Preview Assets.xcassets in Resources */ = {isa = PBXBuildFile; fileRef = 729543DB30600A4400B33115 /* Preview Assets.xcassets */; };
		729543E330600B8C00B33115 /* codemagic.yaml in Resources */ = {isa = PBXBuildFile; fileRef = 729543E230600B8C00B33115 /* codemagic.yaml */; };
		729543E530600B9400B33115 /* AGENTS.md in Resources */ = {isa = PBXBuildFile; fileRef = 729543E430600B9400B33115 /* AGENTS.md */; };
		7295449C3064DEC300B33115 /* Dial.swift in Sources */ = {isa = PBXBuildFile; fileRef = 7295446830601E5300B33115 /* Dial.swift */; };
		7295449D3064DEC300B33115 /* AudifuzzApp.swift in Sources */ = {isa = PBXBuildFile; fileRef = 7295444A30601E2800B33115 /* AudifuzzApp.swift */; };
		7295449E3064DEC300B33115 /* Preset.swift in Sources */ = {isa = PBXBuildFile; fileRef = 7295446630601E4600B33115 /* Preset.swift */; };
		7295449F3064DEC300B33115 /* SoundLabEngine.swift in Sources */ = {isa = PBXBuildFile; fileRef = 7295448E3064DE2A00B33115 /* SoundLabEngine.swift */; };
		729544A03064DEC300B33115 /* SynthModels.swift in Sources */ = {isa = PBXBuildFile; fileRef = 729544913064DE5500B33115 /* SynthModels.swift */; };
		729544A13064DEC300B33115 /* SpatialCardView.swift in Sources */ = {isa = PBXBuildFile; fileRef = 729544803064DDA200B33115 /* SpatialCardView.swift */; };
		729544A23064DEC300B33115 /* ContentView.swift in Sources */ = {isa = PBXBuildFile; fileRef = 7295447F3064DDA200B33115 /* ContentView.swift */; };
		729544A43064DEC300B33115 /* SynthRenderer.swift in Sources */ = {isa = PBXBuildFile; fileRef = 729544903064DE5500B33115 /* SynthRenderer.swift */; };
		729544A53064DEC300B33115 /* AudioEngineManager.swift in Sources */ = {isa = PBXBuildFile; fileRef = 7295448D3064DE2A00B33115 /* AudioEngineManager.swift */; };
		729544A63064DEC300B33115 /* EditorView.swift in Sources */ = {isa = PBXBuildFile; fileRef = 729544813064DDA200B33115 /* EditorView.swift */; };
		729544A73064DEC300B33115 /* EffectCardView.swift in Sources */ = {isa = PBXBuildFile; fileRef = 729544823064DDA300B33115 /* EffectCardView.swift */; };
		729544A83064DEC300B33115 /* SoundLabView.swift in Sources */ = {isa = PBXBuildFile; fileRef = 7295447E3064DDA200B33115 /* SoundLabView.swift */; };
		729544A93064DEC300B33115 /* SampleStorage.swift in Sources */ = {isa = PBXBuildFile; fileRef = 7295445630601E3B00B33115 /* SampleStorage.swift */; };
		729544AA3064DEF200B33115 /* EffectModule.swift in Sources */ = {isa = PBXBuildFile; fileRef = 7295448A3064DDD000B33115 /* EffectModule.swift */; };
		729544AB3064DEF200B33115 /* PitchEffect.swift in Sources */ = {isa = PBXBuildFile; fileRef = 729544853064DDD000B33115 /* PitchEffect.swift */; };
		729544AC3064DEF200B33115 /* DelayEffect.swift in Sources */ = {isa = PBXBuildFile; fileRef = 729544873064DDD000B33115 /* DelayEffect.swift */; };
		729544AD3064DEF200B33115 /* ReverbEffect.swift in Sources */ = {isa = PBXBuildFile; fileRef = 729544863064DDD000B33115 /* ReverbEffect.swift */; };
		729544AE3064DEF200B33115 /* BitCrushEffect.swift in Sources */ = {isa = PBXBuildFile; fileRef = 729544893064DDD000B33115 /* BitCrushEffect.swift */; };
		729544AF3064DEF200B33115 /* SpatialStage.swift in Sources */ = {isa = PBXBuildFile; fileRef = 7295448B3064DE0700B33115 /* SpatialStage.swift */; };
		729544B03064DEF200B33115 /* FilterEffect.swift in Sources */ = {isa = PBXBuildFile; fileRef = 729544843064DDD000B33115 /* FilterEffect.swift */; };
		729544B13064DEF200B33115 /* OverdriveEffect.swift in Sources */ = {isa = PBXBuildFile; fileRef = 729544883064DDD000B33115 /* OverdriveEffect.swift */; };
		729544B53064DF5F00B33115 /* Persistence.swift in Sources */ = {isa = PBXBuildFile; fileRef = 729544B43064DF5F00B33115 /* Persistence.swift */; };
		729544DF3065897F00B33115 /* FILE_TREE.md in Resources */ = {isa = PBXBuildFile; fileRef = 729544DE3065897F00B33115 /* FILE_TREE.md */; };
		729544E13065906E00B33115 /* PreferencesView.swift in Sources */ = {isa = PBXBuildFile; fileRef = 729544E03065906E00B33115 /* PreferencesView.swift */; };
		729544E23065906E00B33115 /* BuiltInSoundLibrary.swift in Sources */ = {isa = PBXBuildFile; fileRef = 729544E23065906E00B33116 /* BuiltInSoundLibrary.swift */; };
		729544E33065906E00B33115 /* SoundLibraryView.swift in Sources */ = {isa = PBXBuildFile; fileRef = 729544E33065906E00B33116 /* SoundLibraryView.swift */; };
		729544F03065906E00B33115 /* OscilloscopeView.swift in Sources */ = {isa = PBXBuildFile; fileRef = 729544F03065906E00B33116 /* OscilloscopeView.swift */; };
		729544F13065906E00B33115 /* WhatsNewView.swift in Sources */ = {isa = PBXBuildFile; fileRef = 729544F13065906E00B33116 /* WhatsNewView.swift */; };
		A12300013070000100000001 /* CompressorEffect.swift in Sources */ = {isa = PBXBuildFile; fileRef = A12300023070000100000001 /* CompressorEffect.swift */; };
		A12300033070000100000001 /* ToneEQEffect.swift in Sources */ = {isa = PBXBuildFile; fileRef = A12300043070000100000001 /* ToneEQEffect.swift */; };
		A12400013070000100000001 /* MIDIInputManager.swift in Sources */ = {isa = PBXBuildFile; fileRef = A12400023070000100000001 /* MIDIInputManager.swift */; };
		A12500013070000100000001 /* Oscilloscope3DView.swift in Sources */ = {isa = PBXBuildFile; fileRef = A12500023070000100000001 /* Oscilloscope3DView.swift */; };
		A12700013070000100000001 /* TouchBarControls.swift in Sources */ = {isa = PBXBuildFile; fileRef = A12700023070000100000001 /* TouchBarControls.swift */; };
		A12800013070000100000001 /* MIDIStatusView.swift in Sources */ = {isa = PBXBuildFile; fileRef = A12800023070000100000001 /* MIDIStatusView.swift */; };
		A12900013070000100000001 /* MIDITrainerView.swift in Sources */ = {isa = PBXBuildFile; fileRef = A12900023070000100000001 /* MIDITrainerView.swift */; };
		A13000013070000100000001 /* BenchmarkWizardView.swift in Sources */ = {isa = PBXBuildFile; fileRef = A13000023070000100000001 /* BenchmarkWizardView.swift */; };
/* End PBXBuildFile section */

/* Begin PBXFileReference section */
		720862A03065CC3D001E9D47 /* DanganronpaIntro.mp3 */ = {isa = PBXFileReference; lastKnownFileType = audio.mp3; path = DanganronpaIntro.mp3; sourceTree = "<group>"; };
		720862A330661E26001E9D47 /* Synths.sf2 */ = {isa = PBXFileReference; lastKnownFileType = file; path = Synths.sf2; sourceTree = "<group>"; };
		720862A53066268E001E9D47 /* BrightPiano.sf2 */ = {isa = PBXFileReference; lastKnownFileType = file; path = BrightPiano.sf2; sourceTree = "<group>"; };
		720862A7306632E7001E9D47 /* TODO.md */ = {isa = PBXFileReference; lastKnownFileType = net.daringfireball.markdown; path = TODO.md; sourceTree = "<group>"; };
		729543CB30600A4200B33115 /* Audifuzz.app */ = {isa = PBXFileReference; explicitFileType = wrapper.application; includeInIndex = 0; path = Audifuzz.app; sourceTree = BUILT_PRODUCTS_DIR; };
		729543D330600A4200B33115 /* Audifuzz.xcdatamodel */ = {isa = PBXFileReference; lastKnownFileType = wrapper.xcdatamodel; path = Audifuzz.xcdatamodel; sourceTree = "<group>"; };
		729543D730600A4400B33115 /* Assets.xcassets */ = {isa = PBXFileReference; lastKnownFileType = folder.assetcatalog; path = Assets.xcassets; sourceTree = "<group>"; };
		729543D930600A4400B33115 /* Audifuzz.entitlements */ = {isa = PBXFileReference; lastKnownFileType = text.plist.entitlements; path = Audifuzz.entitlements; sourceTree = "<group>"; };
		729543DB30600A4400B33115 /* Preview Assets.xcassets */ = {isa = PBXFileReference; lastKnownFileType = folder.assetcatalog; path = "Preview Assets.xcassets"; sourceTree = "<group>"; };
		729543E230600B8C00B33115 /* codemagic.yaml */ = {isa = PBXFileReference; fileEncoding = 4; lastKnownFileType = text.yaml; path = codemagic.yaml; sourceTree = "<group>"; };
		729543E430600B9400B33115 /* AGENTS.md */ = {isa = PBXFileReference; fileEncoding = 4; lastKnownFileType = net.daringfireball.markdown; path = AGENTS.md; sourceTree = "<group>"; };
		7295444A30601E2800B33115 /* AudifuzzApp.swift */ = {isa = PBXFileReference; fileEncoding = 4; lastKnownFileType = sourcecode.swift; name = AudifuzzApp.swift; path = "../../../../../Downloads/Audifuzz-starter 3/Audifuzz/AudifuzzApp.swift"; sourceTree = "<group>"; };
		7295445630601E3B00B33115 /* SampleStorage.swift */ = {isa = PBXFileReference; fileEncoding = 4; lastKnownFileType = sourcecode.swift; name = SampleStorage.swift; path = "../../../../../../Downloads/Audifuzz-starter 3/Audifuzz/Audio/SampleStorage.swift"; sourceTree = "<group>"; };
		7295446630601E4600B33115 /* Preset.swift */ = {isa = PBXFileReference; fileEncoding = 4; lastKnownFileType = sourcecode.swift; name = Preset.swift; path = "../../../../../../Downloads/Audifuzz-starter 3/Audifuzz/Presets/Preset.swift"; sourceTree = "<group>"; };
		7295446830601E5300B33115 /* Dial.swift */ = {isa = PBXFileReference; fileEncoding = 4; lastKnownFileType = sourcecode.swift; name = Dial.swift; path = "../../../../../../Downloads/Audifuzz-starter 3/Audifuzz/Views/Dial.swift"; sourceTree = "<group>"; };
		7295447E3064DDA200B33115 /* SoundLabView.swift */ = {isa = PBXFileReference; lastKnownFileType = sourcecode.swift; path = SoundLabView.swift; sourceTree = "<group>"; };
		7295447F3064DDA200B33115 /* ContentView.swift */ = {isa = PBXFileReference; lastKnownFileType = sourcecode.swift; path = ContentView.swift; sourceTree = "<group>"; };
		729544803064DDA200B33115 /* SpatialCardView.swift */ = {isa = PBXFileReference; lastKnownFileType = sourcecode.swift; path = SpatialCardView.swift; sourceTree = "<group>"; };
		729544813064DDA200B33115 /* EditorView.swift */ = {isa = PBXFileReference; lastKnownFileType = sourcecode.swift; path = EditorView.swift; sourceTree = "<group>"; };
		729544823064DDA300B33115 /* EffectCardView.swift */ = {isa = PBXFileReference; lastKnownFileType = sourcecode.swift; path = EffectCardView.swift; sourceTree = "<group>"; };
		729544843064DDD000B33115 /* FilterEffect.swift */ = {isa = PBXFileReference; lastKnownFileType = sourcecode.swift; path = FilterEffect.swift; sourceTree = "<group>"; };
		729544853064DDD000B33115 /* PitchEffect.swift */ = {isa = PBXFileReference; lastKnownFileType = sourcecode.swift; path = PitchEffect.swift; sourceTree = "<group>"; };
		729544863064DDD000B33115 /* ReverbEffect.swift */ = {isa = PBXFileReference; lastKnownFileType = sourcecode.swift; path = ReverbEffect.swift; sourceTree = "<group>"; };
		729544873064DDD000B33115 /* DelayEffect.swift */ = {isa = PBXFileReference; lastKnownFileType = sourcecode.swift; path = DelayEffect.swift; sourceTree = "<group>"; };
		729544883064DDD000B33115 /* OverdriveEffect.swift */ = {isa = PBXFileReference; lastKnownFileType = sourcecode.swift; path = OverdriveEffect.swift; sourceTree = "<group>"; };
		729544893064DDD000B33115 /* BitCrushEffect.swift */ = {isa = PBXFileReference; lastKnownFileType = sourcecode.swift; path = BitCrushEffect.swift; sourceTree = "<group>"; };
		7295448A3064DDD000B33115 /* EffectModule.swift */ = {isa = PBXFileReference; lastKnownFileType = sourcecode.swift; path = EffectModule.swift; sourceTree = "<group>"; };
		7295448B3064DE0700B33115 /* SpatialStage.swift */ = {isa = PBXFileReference; lastKnownFileType = sourcecode.swift; path = SpatialStage.swift; sourceTree = "<group>"; };
		7295448D3064DE2A00B33115 /* AudioEngineManager.swift */ = {isa = PBXFileReference; lastKnownFileType = sourcecode.swift; path = AudioEngineManager.swift; sourceTree = "<group>"; };
		7295448E3064DE2A00B33115 /* SoundLabEngine.swift */ = {isa = PBXFileReference; lastKnownFileType = sourcecode.swift; path = SoundLabEngine.swift; sourceTree = "<group>"; };
		729544903064DE5500B33115 /* SynthRenderer.swift */ = {isa = PBXFileReference; lastKnownFileType = sourcecode.swift; path = SynthRenderer.swift; sourceTree = "<group>"; };
		729544913064DE5500B33115 /* SynthModels.swift */ = {isa = PBXFileReference; lastKnownFileType = sourcecode.swift; path = SynthModels.swift; sourceTree = "<group>"; };
		729544B43064DF5F00B33115 /* Persistence.swift */ = {isa = PBXFileReference; fileEncoding = 4; lastKnownFileType = sourcecode.swift; path = Persistence.swift; sourceTree = "<group>"; };
		729544DE3065897F00B33115 /* FILE_TREE.md */ = {isa = PBXFileReference; lastKnownFileType = net.daringfireball.markdown; path = FILE_TREE.md; sourceTree = "<group>"; };
		729544E03065906E00B33115 /* PreferencesView.swift */ = {isa = PBXFileReference; lastKnownFileType = sourcecode.swift; path = PreferencesView.swift; sourceTree = "<group>"; };
		729544E23065906E00B33116 /* BuiltInSoundLibrary.swift */ = {isa = PBXFileReference; lastKnownFileType = sourcecode.swift; path = BuiltInSoundLibrary.swift; sourceTree = "<group>"; };
		729544E33065906E00B33116 /* SoundLibraryView.swift */ = {isa = PBXFileReference; lastKnownFileType = sourcecode.swift; path = SoundLibraryView.swift; sourceTree = "<group>"; };
		729544F03065906E00B33116 /* OscilloscopeView.swift */ = {isa = PBXFileReference; lastKnownFileType = sourcecode.swift; path = OscilloscopeView.swift; sourceTree = "<group>"; };
		729544F13065906E00B33116 /* WhatsNewView.swift */ = {isa = PBXFileReference; lastKnownFileType = sourcecode.swift; path = WhatsNewView.swift; sourceTree = "<group>"; };
		A12300023070000100000001 /* CompressorEffect.swift */ = {isa = PBXFileReference; lastKnownFileType = sourcecode.swift; path = CompressorEffect.swift; sourceTree = "<group>"; };
		A12300043070000100000001 /* ToneEQEffect.swift */ = {isa = PBXFileReference; lastKnownFileType = sourcecode.swift; path = ToneEQEffect.swift; sourceTree = "<group>"; };
		A12400023070000100000001 /* MIDIInputManager.swift */ = {isa = PBXFileReference; lastKnownFileType = sourcecode.swift; path = MIDIInputManager.swift; sourceTree = "<group>"; };
		A12500023070000100000001 /* Oscilloscope3DView.swift */ = {isa = PBXFileReference; lastKnownFileType = sourcecode.swift; path = Oscilloscope3DView.swift; sourceTree = "<group>"; };
		A12700023070000100000001 /* TouchBarControls.swift */ = {isa = PBXFileReference; lastKnownFileType = sourcecode.swift; path = TouchBarControls.swift; sourceTree = "<group>"; };
		A12800023070000100000001 /* MIDIStatusView.swift */ = {isa = PBXFileReference; lastKnownFileType = sourcecode.swift; path = MIDIStatusView.swift; sourceTree = "<group>"; };
		A12900023070000100000001 /* MIDITrainerView.swift */ = {isa = PBXFileReference; lastKnownFileType = sourcecode.swift; path = MIDITrainerView.swift; sourceTree = "<group>"; };
		A13000023070000100000001 /* BenchmarkWizardView.swift */ = {isa = PBXFileReference; lastKnownFileType = sourcecode.swift; path = BenchmarkWizardView.swift; sourceTree = "<group>"; };
/* End PBXFileReference section */

/* Begin PBXFrameworksBuildPhase section */
		729543C830600A4200B33115 /* Frameworks */ = {
			isa = PBXFrameworksBuildPhase;
			buildActionMask = 2147483647;
			files = (
			);
			runOnlyForDeploymentPostprocessing = 0;
		};
/* End PBXFrameworksBuildPhase section */

/* Begin PBXGroup section */
		720862A23065D0BC001E9D47 /* PreBundledAudio */ = {
			isa = PBXGroup;
			children = (
				720862A330661E26001E9D47 /* Synths.sf2 */,
				720862A53066268E001E9D47 /* BrightPiano.sf2 */,
				720862A03065CC3D001E9D47 /* DanganronpaIntro.mp3 */,
			);
			path = PreBundledAudio;
			sourceTree = "<group>";
		};
		729543C230600A4200B33115 = {
			isa = PBXGroup;
			children = (
				729543CD30600A4200B33115 /* Audifuzz */,
				729543CC30600A4200B33115 /* Products */,
			);
			sourceTree = "<group>";
		};
		729543CC30600A4200B33115 /* Products */ = {
			isa = PBXGroup;
			children = (
				729543CB30600A4200B33115 /* Audifuzz.app */,
			);
			name = Products;
			sourceTree = "<group>";
		};
		729543CD30600A4200B33115 /* Audifuzz */ = {
			isa = PBXGroup;
			children = (
				A12600013070000100000001 /* App */,
				7295448C3064DE2A00B33115 /* Engines */,
				729544833064DDCF00B33115 /* Effects */,
				7295448F3064DE5500B33115 /* Instruments */,
				7295447D3064DDA200B33115 /* Views */,
				A12600023070000100000001 /* Resources */,
				A12600033070000100000001 /* Documentation */,
				A12600043070000100000001 /* Build Configuration */,
			);
			path = Audifuzz;
			sourceTree = "<group>";
		};
		729543DA30600A4400B33115 /* Preview Content */ = {
			isa = PBXGroup;
			children = (
				729543DB30600A4400B33115 /* Preview Assets.xcassets */,
			);
			path = "Preview Content";
			sourceTree = "<group>";
		};
		7295447D3064DDA200B33115 /* Views */ = {
			isa = PBXGroup;
			children = (
				7295447F3064DDA200B33115 /* ContentView.swift */,
				729544813064DDA200B33115 /* EditorView.swift */,
				729544823064DDA300B33115 /* EffectCardView.swift */,
				7295447E3064DDA200B33115 /* SoundLabView.swift */,
				729544803064DDA200B33115 /* SpatialCardView.swift */,
				729544E03065906E00B33115 /* PreferencesView.swift */,
				729544E33065906E00B33116 /* SoundLibraryView.swift */,
				729544F03065906E00B33116 /* OscilloscopeView.swift */,
				A12500023070000100000001 /* Oscilloscope3DView.swift */,
				A12700023070000100000001 /* TouchBarControls.swift */,
				A12800023070000100000001 /* MIDIStatusView.swift */,
				A12900023070000100000001 /* MIDITrainerView.swift */,
				A13000023070000100000001 /* BenchmarkWizardView.swift */,
				729544F13065906E00B33116 /* WhatsNewView.swift */,
				7295446830601E5300B33115 /* Dial.swift */,
			);
			path = Views;
			sourceTree = "<group>";
		};
		729544833064DDCF00B33115 /* Effects */ = {
			isa = PBXGroup;
			children = (
				7295448A3064DDD000B33115 /* EffectModule.swift */,
				A12300023070000100000001 /* CompressorEffect.swift */,
				A12300043070000100000001 /* ToneEQEffect.swift */,
				729544893064DDD000B33115 /* BitCrushEffect.swift */,
				729544873064DDD000B33115 /* DelayEffect.swift */,
				729544843064DDD000B33115 /* FilterEffect.swift */,
				729544883064DDD000B33115 /* OverdriveEffect.swift */,
				7295448B3064DE0700B33115 /* SpatialStage.swift */,
				729544853064DDD000B33115 /* PitchEffect.swift */,
				729544863064DDD000B33115 /* ReverbEffect.swift */,
			);
			path = Effects;
			sourceTree = "<group>";
		};
		7295448C3064DE2A00B33115 /* Engines */ = {
			isa = PBXGroup;
			children = (
				7295448D3064DE2A00B33115 /* AudioEngineManager.swift */,
				A12400023070000100000001 /* MIDIInputManager.swift */,
				7295448E3064DE2A00B33115 /* SoundLabEngine.swift */,
				729544E23065906E00B33116 /* BuiltInSoundLibrary.swift */,
				7295445630601E3B00B33115 /* SampleStorage.swift */,
				7295446630601E4600B33115 /* Preset.swift */,
			);
			path = Engines;
			sourceTree = "<group>";
		};
		7295448F3064DE5500B33115 /* Instruments */ = {
			isa = PBXGroup;
			children = (
				729544913064DE5500B33115 /* SynthModels.swift */,
				729544903064DE5500B33115 /* SynthRenderer.swift */,
			);
			path = Instruments;
			sourceTree = "<group>";
		};
		A12600013070000100000001 /* App */ = {
			isa = PBXGroup;
			children = (
				7295444A30601E2800B33115 /* AudifuzzApp.swift */,
				729544B43064DF5F00B33115 /* Persistence.swift */,
				729543D230600A4200B33115 /* Audifuzz.xcdatamodeld */,
				729543D930600A4400B33115 /* Audifuzz.entitlements */,
			);
			name = App;
			sourceTree = "<group>";
		};
		A12600023070000100000001 /* Resources */ = {
			isa = PBXGroup;
			children = (
				729543D730600A4400B33115 /* Assets.xcassets */,
				729543DA30600A4400B33115 /* Preview Content */,
				720862A23065D0BC001E9D47 /* PreBundledAudio */,
			);
			name = Resources;
			sourceTree = "<group>";
		};
		A12600033070000100000001 /* Documentation */ = {
			isa = PBXGroup;
			children = (
				729543E430600B9400B33115 /* AGENTS.md */,
				729544DE3065897F00B33115 /* FILE_TREE.md */,
				720862A7306632E7001E9D47 /* TODO.md */,
			);
			name = Documentation;
			sourceTree = "<group>";
		};
		A12600043070000100000001 /* Build Configuration */ = {
			isa = PBXGroup;
			children = (
				729543E230600B8C00B33115 /* codemagic.yaml */,
			);
			name = "Build Configuration";
			sourceTree = "<group>";
		};
/* End PBXGroup section */

/* Begin PBXNativeTarget section */
		729543CA30600A4200B33115 /* Audifuzz */ = {
			isa = PBXNativeTarget;
			buildConfigurationList = 729543DF30600A4400B33115 /* Build configuration list for PBXNativeTarget "Audifuzz" */;
			buildPhases = (
				729543C730600A4200B33115 /* Sources */,
				729543C830600A4200B33115 /* Frameworks */,
				729543C930600A4200B33115 /* Resources */,
			);
			buildRules = (
			);
			dependencies = (
			);
			name = Audifuzz;
			productName = Audifuzz;
			productReference = 729543CB30600A4200B33115 /* Audifuzz.app */;
			productType = "com.apple.product-type.application";
		};
/* End PBXNativeTarget section */

/* Begin PBXProject section */
		729543C330600A4200B33115 /* Project object */ = {
			isa = PBXProject;
			attributes = {
				BuildIndependentTargetsInParallel = 1;
				LastSwiftUpdateCheck = 1420;
				LastUpgradeCheck = 1420;
				TargetAttributes = {
					729543CA30600A4200B33115 = {
						CreatedOnToolsVersion = 14.2;
					};
				};
			};
			buildConfigurationList = 729543C630600A4200B33115 /* Build configuration list for PBXProject "Audifuzz" */;
			compatibilityVersion = "Xcode 14.0";
			developmentRegion = en;
			hasScannedForEncodings = 0;
			knownRegions = (
				en,
				Base,
			);
			mainGroup = 729543C230600A4200B33115;
			productRefGroup = 729543CC30600A4200B33115 /* Products */;
			projectDirPath = "";
			projectRoot = "";
			targets = (
				729543CA30600A4200B33115 /* Audifuzz */,
			);
		};
/* End PBXProject section */

/* Begin PBXResourcesBuildPhase section */
		729543C930600A4200B33115 /* Resources */ = {
			isa = PBXResourcesBuildPhase;
			buildActionMask = 2147483647;
			files = (
				729544DF3065897F00B33115 /* FILE_TREE.md in Resources */,
				720862A430661E26001E9D47 /* Synths.sf2 in Resources */,
				729543E330600B8C00B33115 /* codemagic.yaml in Resources */,
				720862A8306632E7001E9D47 /* TODO.md in Resources */,
				729543DC30600A4400B33115 /* Preview Assets.xcassets in Resources */,
				729543E530600B9400B33115 /* AGENTS.md in Resources */,
				729543D830600A4400B33115 /* Assets.xcassets in Resources */,
				720862A13065CC3D001E9D47 /* DanganronpaIntro.mp3 in Resources */,
				720862A63066268E001E9D47 /* BrightPiano.sf2 in Resources */,
			);
			runOnlyForDeploymentPostprocessing = 0;
		};
/* End PBXResourcesBuildPhase section */

/* Begin PBXSourcesBuildPhase section */
		729543C730600A4200B33115 /* Sources */ = {
			isa = PBXSourcesBuildPhase;
			buildActionMask = 2147483647;
			files = (
				729544AA3064DEF200B33115 /* EffectModule.swift in Sources */,
				A12300013070000100000001 /* CompressorEffect.swift in Sources */,
				A12300033070000100000001 /* ToneEQEffect.swift in Sources */,
				729544B13064DEF200B33115 /* OverdriveEffect.swift in Sources */,
				729544A73064DEC300B33115 /* EffectCardView.swift in Sources */,
				729544A93064DEC300B33115 /* SampleStorage.swift in Sources */,
				7295449D3064DEC300B33115 /* AudifuzzApp.swift in Sources */,
				7295449F3064DEC300B33115 /* SoundLabEngine.swift in Sources */,
				729544E23065906E00B33115 /* BuiltInSoundLibrary.swift in Sources */,
				729544A23064DEC300B33115 /* ContentView.swift in Sources */,
				729544A53064DEC300B33115 /* AudioEngineManager.swift in Sources */,
				A12400013070000100000001 /* MIDIInputManager.swift in Sources */,
				729544B53064DF5F00B33115 /* Persistence.swift in Sources */,
				729544AF3064DEF200B33115 /* SpatialStage.swift in Sources */,
				729544A83064DEC300B33115 /* SoundLabView.swift in Sources */,
				729544B03064DEF200B33115 /* FilterEffect.swift in Sources */,
				729544A03064DEC300B33115 /* SynthModels.swift in Sources */,
				729544E13065906E00B33115 /* PreferencesView.swift in Sources */,
				729544E33065906E00B33115 /* SoundLibraryView.swift in Sources */,
				729543D430600A4200B33115 /* Audifuzz.xcdatamodeld in Sources */,
				7295449E3064DEC300B33115 /* Preset.swift in Sources */,
				729544AE3064DEF200B33115 /* BitCrushEffect.swift in Sources */,
				729544AD3064DEF200B33115 /* ReverbEffect.swift in Sources */,
				729544AB3064DEF200B33115 /* PitchEffect.swift in Sources */,
				729544A43064DEC300B33115 /* SynthRenderer.swift in Sources */,
				729544AC3064DEF200B33115 /* DelayEffect.swift in Sources */,
				729544A63064DEC300B33115 /* EditorView.swift in Sources */,
				729544A13064DEC300B33115 /* SpatialCardView.swift in Sources */,
				729544F03065906E00B33115 /* OscilloscopeView.swift in Sources */,
				A12500013070000100000001 /* Oscilloscope3DView.swift in Sources */,
				A12700013070000100000001 /* TouchBarControls.swift in Sources */,
				A12800013070000100000001 /* MIDIStatusView.swift in Sources */,
				A12900013070000100000001 /* MIDITrainerView.swift in Sources */,
				A13000013070000100000001 /* BenchmarkWizardView.swift in Sources */,
				729544F13065906E00B33115 /* WhatsNewView.swift in Sources */,
				7295449C3064DEC300B33115 /* Dial.swift in Sources */,
			);
			runOnlyForDeploymentPostprocessing = 0;
		};
/* End PBXSourcesBuildPhase section */

/* Begin XCBuildConfiguration section */
		729543DD30600A4400B33115 /* Debug */ = {
			isa = XCBuildConfiguration;
			buildSettings = {
				ALWAYS_SEARCH_USER_PATHS = NO;
				CLANG_ANALYZER_NONNULL = YES;
				CLANG_ANALYZER_NUMBER_OBJECT_CONVERSION = YES_AGGRESSIVE;
				CLANG_CXX_LANGUAGE_STANDARD = "gnu++20";
				CLANG_ENABLE_MODULES = YES;
				CLANG_ENABLE_OBJC_ARC = YES;
				CLANG_ENABLE_OBJC_WEAK = YES;
				CLANG_WARN_BLOCK_CAPTURE_AUTORELEASING = YES;
				CLANG_WARN_BOOL_CONVERSION = YES;
				CLANG_WARN_COMMA = YES;
				CLANG_WARN_CONSTANT_CONVERSION = YES;
				CLANG_WARN_DEPRECATED_OBJC_IMPLEMENTATIONS = YES;
				CLANG_WARN_DIRECT_OBJC_ISA_USAGE = YES_ERROR;
				CLANG_WARN_DOCUMENTATION_COMMENTS = YES;
				CLANG_WARN_EMPTY_BODY = YES;
				CLANG_WARN_ENUM_CONVERSION = YES;
				CLANG_WARN_INFINITE_RECURSION = YES;
				CLANG_WARN_INT_CONVERSION = YES;
				CLANG_WARN_NON_LITERAL_NULL_CONVERSION = YES;
				CLANG_WARN_OBJC_IMPLICIT_RETAIN_SELF = YES;
				CLANG_WARN_OBJC_LITERAL_CONVERSION = YES;
				CLANG_WARN_OBJC_ROOT_CLASS = YES_ERROR;
				CLANG_WARN_QUOTED_INCLUDE_IN_FRAMEWORK_HEADER = YES;
				CLANG_WARN_RANGE_LOOP_ANALYSIS = YES;
				CLANG_WARN_STRICT_PROTOTYPES = YES;
				CLANG_WARN_SUSPICIOUS_MOVE = YES;
				CLANG_WARN_UNGUARDED_AVAILABILITY = YES_AGGRESSIVE;
				CLANG_WARN_UNREACHABLE_CODE = YES;
				CLANG_WARN__DUPLICATE_METHOD_MATCH = YES;
				COPY_PHASE_STRIP = NO;
				DEBUG_INFORMATION_FORMAT = dwarf;
				ENABLE_STRICT_OBJC_MSGSEND = YES;
				ENABLE_TESTABILITY = YES;
				GCC_C_LANGUAGE_STANDARD = gnu11;
				GCC_DYNAMIC_NO_PIC = NO;
				GCC_NO_COMMON_BLOCKS = YES;
				GCC_OPTIMIZATION_LEVEL = 0;
				GCC_PREPROCESSOR_DEFINITIONS = (
					"DEBUG=1",
					"$(inherited)",
				);
				GCC_WARN_64_TO_32_BIT_CONVERSION = YES;
				GCC_WARN_ABOUT_RETURN_TYPE = YES_ERROR;
				GCC_WARN_UNDECLARED_SELECTOR = YES;
				GCC_WARN_UNINITIALIZED_AUTOS = YES_AGGRESSIVE;
				GCC_WARN_UNUSED_FUNCTION = YES;
				GCC_WARN_UNUSED_VARIABLE = YES;
				MTL_ENABLE_DEBUG_INFO = INCLUDE_SOURCE;
				MTL_FAST_MATH = YES;
				ONLY_ACTIVE_ARCH = YES;
				SWIFT_ACTIVE_COMPILATION_CONDITIONS = DEBUG;
				SWIFT_OPTIMIZATION_LEVEL = "-Onone";
			};
			name = Debug;
		};
		729543DE30600A4400B33115 /* Release */ = {
			isa = XCBuildConfiguration;
			buildSettings = {
				ALWAYS_SEARCH_USER_PATHS = NO;
				CLANG_ANALYZER_NONNULL = YES;
				CLANG_ANALYZER_NUMBER_OBJECT_CONVERSION = YES_AGGRESSIVE;
				CLANG_CXX_LANGUAGE_STANDARD = "gnu++20";
				CLANG_ENABLE_MODULES = YES;
				CLANG_ENABLE_OBJC_ARC = YES;
				CLANG_ENABLE_OBJC_WEAK = YES;
				CLANG_WARN_BLOCK_CAPTURE_AUTORELEASING = YES;
				CLANG_WARN_BOOL_CONVERSION = YES;
				CLANG_WARN_COMMA = YES;
				CLANG_WARN_CONSTANT_CONVERSION = YES;
				CLANG_WARN_DEPRECATED_OBJC_IMPLEMENTATIONS = YES;
				CLANG_WARN_DIRECT_OBJC_ISA_USAGE = YES_ERROR;
				CLANG_WARN_DOCUMENTATION_COMMENTS = YES;
				CLANG_WARN_EMPTY_BODY = YES;
				CLANG_WARN_ENUM_CONVERSION = YES;
				CLANG_WARN_INFINITE_RECURSION = YES;
				CLANG_WARN_INT_CONVERSION = YES;
				CLANG_WARN_NON_LITERAL_NULL_CONVERSION = YES;
				CLANG_WARN_OBJC_IMPLICIT_RETAIN_SELF = YES;
				CLANG_WARN_OBJC_LITERAL_CONVERSION = YES;
				CLANG_WARN_OBJC_ROOT_CLASS = YES_ERROR;
				CLANG_WARN_QUOTED_INCLUDE_IN_FRAMEWORK_HEADER = YES;
				CLANG_WARN_RANGE_LOOP_ANALYSIS = YES;
				CLANG_WARN_STRICT_PROTOTYPES = YES;
				CLANG_WARN_SUSPICIOUS_MOVE = YES;
				CLANG_WARN_UNGUARDED_AVAILABILITY = YES_AGGRESSIVE;
				CLANG_WARN_UNREACHABLE_CODE = YES;
				CLANG_WARN__DUPLICATE_METHOD_MATCH = YES;
				COPY_PHASE_STRIP = NO;
				DEBUG_INFORMATION_FORMAT = "dwarf-with-dsym";
				ENABLE_NS_ASSERTIONS = NO;
				ENABLE_STRICT_OBJC_MSGSEND = YES;
				GCC_C_LANGUAGE_STANDARD = gnu11;
				GCC_NO_COMMON_BLOCKS = YES;
				GCC_WARN_64_TO_32_BIT_CONVERSION = YES;
				GCC_WARN_ABOUT_RETURN_TYPE = YES_ERROR;
				GCC_WARN_UNDECLARED_SELECTOR = YES;
				GCC_WARN_UNINITIALIZED_AUTOS = YES_AGGRESSIVE;
				GCC_WARN_UNUSED_FUNCTION = YES;
				GCC_WARN_UNUSED_VARIABLE = YES;
				MTL_ENABLE_DEBUG_INFO = NO;
				MTL_FAST_MATH = YES;
				SWIFT_COMPILATION_MODE = wholemodule;
				SWIFT_OPTIMIZATION_LEVEL = "-O";
			};
			name = Release;
		};
		729543E030600A4400B33115 /* Debug */ = {
			isa = XCBuildConfiguration;
			buildSettings = {
				ASSETCATALOG_COMPILER_APPICON_NAME = AppIcon;
				ASSETCATALOG_COMPILER_GLOBAL_ACCENT_COLOR_NAME = AccentColor;
				CODE_SIGN_ENTITLEMENTS = Audifuzz/Audifuzz.entitlements;
				CODE_SIGN_STYLE = Automatic;
				CURRENT_PROJECT_VERSION = 1;
				DEVELOPMENT_ASSET_PATHS = "\"Audifuzz/Preview Content\"";
				DEVELOPMENT_TEAM = PULJN6655X;
				ENABLE_HARDENED_RUNTIME = NO;
				ENABLE_PREVIEWS = YES;
				GCC_OPTIMIZATION_LEVEL = fast;
				GENERATE_INFOPLIST_FILE = YES;
				INFOPLIST_KEY_NSMicrophoneUsageDescription = "Audiofuzz uses the mic to distort anything you record!";
				"INFOPLIST_KEY_UIApplicationSceneManifest_Generation[sdk=iphoneos*]" = YES;
				"INFOPLIST_KEY_UIApplicationSceneManifest_Generation[sdk=iphonesimulator*]" = YES;
				"INFOPLIST_KEY_UIApplicationSupportsIndirectInputEvents[sdk=iphoneos*]" = YES;
				"INFOPLIST_KEY_UIApplicationSupportsIndirectInputEvents[sdk=iphonesimulator*]" = YES;
				"INFOPLIST_KEY_UILaunchScreen_Generation[sdk=iphoneos*]" = YES;
				"INFOPLIST_KEY_UILaunchScreen_Generation[sdk=iphonesimulator*]" = YES;
				"INFOPLIST_KEY_UIStatusBarStyle[sdk=iphoneos*]" = UIStatusBarStyleDefault;
				"INFOPLIST_KEY_UIStatusBarStyle[sdk=iphonesimulator*]" = UIStatusBarStyleDefault;
				INFOPLIST_KEY_UISupportedInterfaceOrientations_iPad = "UIInterfaceOrientationPortrait UIInterfaceOrientationPortraitUpsideDown UIInterfaceOrientationLandscapeLeft UIInterfaceOrientationLandscapeRight";
				INFOPLIST_KEY_UISupportedInterfaceOrientations_iPhone = "UIInterfaceOrientationPortrait UIInterfaceOrientationLandscapeLeft UIInterfaceOrientationLandscapeRight";
				IPHONEOS_DEPLOYMENT_TARGET = 16.2;
				LD_RUNPATH_SEARCH_PATHS = "@executable_path/Frameworks";
				"LD_RUNPATH_SEARCH_PATHS[sdk=macosx*]" = "@executable_path/../Frameworks";
				MACOSX_DEPLOYMENT_TARGET = 12.0;
				MARKETING_VERSION = 1.0;
				PRODUCT_BUNDLE_IDENTIFIER = Foundation.Audifuzz;
				PRODUCT_NAME = "$(TARGET_NAME)";
				SDKROOT = auto;
				SUPPORTED_PLATFORMS = "iphoneos iphonesimulator macosx";
				SWIFT_EMIT_LOC_STRINGS = YES;
				SWIFT_VERSION = 5.0;
				TARGETED_DEVICE_FAMILY = "1,2";
			};
			name = Debug;
		};
		729543E130600A4400B33115 /* Release */ = {
			isa = XCBuildConfiguration;
			buildSettings = {
				ASSETCATALOG_COMPILER_APPICON_NAME = AppIcon;
				ASSETCATALOG_COMPILER_GLOBAL_ACCENT_COLOR_NAME = AccentColor;
				CODE_SIGN_ENTITLEMENTS = Audifuzz/Audifuzz.entitlements;
				CODE_SIGN_STYLE = Automatic;
				CURRENT_PROJECT_VERSION = 1;
				DEVELOPMENT_ASSET_PATHS = "\"Audifuzz/Preview Content\"";
				DEVELOPMENT_TEAM = PULJN6655X;
				ENABLE_HARDENED_RUNTIME = NO;
				ENABLE_PREVIEWS = YES;
				GENERATE_INFOPLIST_FILE = YES;
				INFOPLIST_KEY_NSMicrophoneUsageDescription = "Audiofuzz uses the mic to distort anything you record!";
				"INFOPLIST_KEY_UIApplicationSceneManifest_Generation[sdk=iphoneos*]" = YES;
				"INFOPLIST_KEY_UIApplicationSceneManifest_Generation[sdk=iphonesimulator*]" = YES;
				"INFOPLIST_KEY_UIApplicationSupportsIndirectInputEvents[sdk=iphoneos*]" = YES;
				"INFOPLIST_KEY_UIApplicationSupportsIndirectInputEvents[sdk=iphonesimulator*]" = YES;
				"INFOPLIST_KEY_UILaunchScreen_Generation[sdk=iphoneos*]" = YES;
				"INFOPLIST_KEY_UILaunchScreen_Generation[sdk=iphonesimulator*]" = YES;
				"INFOPLIST_KEY_UIStatusBarStyle[sdk=iphoneos*]" = UIStatusBarStyleDefault;
				"INFOPLIST_KEY_UIStatusBarStyle[sdk=iphonesimulator*]" = UIStatusBarStyleDefault;
				INFOPLIST_KEY_UISupportedInterfaceOrientations_iPad = "UIInterfaceOrientationPortrait UIInterfaceOrientationPortraitUpsideDown UIInterfaceOrientationLandscapeLeft UIInterfaceOrientationLandscapeRight";
				INFOPLIST_KEY_UISupportedInterfaceOrientations_iPhone = "UIInterfaceOrientationPortrait UIInterfaceOrientationLandscapeLeft UIInterfaceOrientationLandscapeRight";
				IPHONEOS_DEPLOYMENT_TARGET = 16.2;
				LD_RUNPATH_SEARCH_PATHS = "@executable_path/Frameworks";
				"LD_RUNPATH_SEARCH_PATHS[sdk=macosx*]" = "@executable_path/../Frameworks";
				MACOSX_DEPLOYMENT_TARGET = 12.0;
				MARKETING_VERSION = 1.0;
				PRODUCT_BUNDLE_IDENTIFIER = Foundation.Audifuzz;
				PRODUCT_NAME = "$(TARGET_NAME)";
				SDKROOT = auto;
				SUPPORTED_PLATFORMS = "iphoneos iphonesimulator macosx";
				SWIFT_EMIT_LOC_STRINGS = YES;
				SWIFT_VERSION = 5.0;
				TARGETED_DEVICE_FAMILY = "1,2";
			};
			name = Release;
		};
/* End XCBuildConfiguration section */

/* Begin XCConfigurationList section */
		729543C630600A4200B33115 /* Build configuration list for PBXProject "Audifuzz" */ = {
			isa = XCConfigurationList;
			buildConfigurations = (
				729543DD30600A4400B33115 /* Debug */,
				729543DE30600A4400B33115 /* Release */,
			);
			defaultConfigurationIsVisible = 0;
			defaultConfigurationName = Release;
		};
		729543DF30600A4400B33115 /* Build configuration list for PBXNativeTarget "Audifuzz" */ = {
			isa = XCConfigurationList;
			buildConfigurations = (
				729543E030600A4400B33115 /* Debug */,
				729543E130600A4400B33115 /* Release */,
			);
			defaultConfigurationIsVisible = 0;
			defaultConfigurationName = Release;
		};
/* End XCConfigurationList section */

/* Begin XCVersionGroup section */
		729543D230600A4200B33115 /* Audifuzz.xcdatamodeld */ = {
			isa = XCVersionGroup;
			children = (
				729543D330600A4200B33115 /* Audifuzz.xcdatamodel */,
			);
			currentVersion = 729543D330600A4200B33115 /* Audifuzz.xcdatamodel */;
			path = Audifuzz.xcdatamodeld;
			sourceTree = "<group>";
			versionGroupType = wrapper.xcdatamodel;
		};
/* End XCVersionGroup section */
	};
	rootObject = 729543C330600A4200B33115 /* Project object */;
}
